Microsoft Visual Studio Solution File, Format Version 12.00
# Visual Studio 2013
VisualStudioVersion = 12.0.30501.0
MinimumVisualStudioVersion = 10.0.40219.1
Project("{FAE04EC0-301F-11D3-BF4B-00C04F79EFBC}") = "Commands.Network", "ServiceManagement\Network\Commands.Network\Commands.Network.csproj", "{40FEE0BB-FD45-4EFC-85BC-0D602A6892C4}"
EndProject
Project("{FAE04EC0-301F-11D3-BF4B-00C04F79EFBC}") = "Commands.Network.Test", "ServiceManagement\Network\Commands.Network.Test\Commands.Network.Test.csproj", "{FDB897BD-FCB4-44A1-8D66-AC99F22EC737}"
EndProject
Project("{FAE04EC0-301F-11D3-BF4B-00C04F79EFBC}") = "Commands", "ServiceManagement\Services\Commands\Commands.csproj", "{CD5AA507-F5EF-473D-855B-84B91A1ABE54}"
EndProject
Project("{FAE04EC0-301F-11D3-BF4B-00C04F79EFBC}") = "Commands.Common", "Common\Commands.Common\Commands.Common.csproj", "{5EE72C53-1720-4309-B54B-5FB79703195F}"
EndProject
Project("{FAE04EC0-301F-11D3-BF4B-00C04F79EFBC}") = "Commands.Utilities", "ServiceManagement\Services\Commands.Utilities\Commands.Utilities.csproj", "{4900EC4E-8DEB-4412-9108-0BC52F81D457}"
EndProject
Project("{FAE04EC0-301F-11D3-BF4B-00C04F79EFBC}") = "Commands.ScenarioTests.Common", "Common\Commands.ScenarioTests.Common\Commands.ScenarioTests.Common.csproj", "{C1BDA476-A5CC-4394-914D-48B0EC31A710}"
EndProject
Global
	GlobalSection(SolutionConfigurationPlatforms) = preSolution
		Debug|Any CPU = Debug|Any CPU
		Release|Any CPU = Release|Any CPU
	EndGlobalSection
	GlobalSection(ProjectConfigurationPlatforms) = postSolution
		{40FEE0BB-FD45-4EFC-85BC-0D602A6892C4}.Debug|Any CPU.ActiveCfg = Debug|Any CPU
		{40FEE0BB-FD45-4EFC-85BC-0D602A6892C4}.Debug|Any CPU.Build.0 = Debug|Any CPU
		{40FEE0BB-FD45-4EFC-85BC-0D602A6892C4}.Release|Any CPU.ActiveCfg = Release|Any CPU
		{40FEE0BB-FD45-4EFC-85BC-0D602A6892C4}.Release|Any CPU.Build.0 = Release|Any CPU
		{FDB897BD-FCB4-44A1-8D66-AC99F22EC737}.Debug|Any CPU.ActiveCfg = Debug|Any CPU
		{FDB897BD-FCB4-44A1-8D66-AC99F22EC737}.Debug|Any CPU.Build.0 = Debug|Any CPU
		{FDB897BD-FCB4-44A1-8D66-AC99F22EC737}.Release|Any CPU.ActiveCfg = Release|Any CPU
		{FDB897BD-FCB4-44A1-8D66-AC99F22EC737}.Release|Any CPU.Build.0 = Release|Any CPU
		{CD5AA507-F5EF-473D-855B-84B91A1ABE54}.Debug|Any CPU.ActiveCfg = Debug|Any CPU
		{CD5AA507-F5EF-473D-855B-84B91A1ABE54}.Debug|Any CPU.Build.0 = Debug|Any CPU
		{CD5AA507-F5EF-473D-855B-84B91A1ABE54}.Release|Any CPU.ActiveCfg = Release|Any CPU
		{CD5AA507-F5EF-473D-855B-84B91A1ABE54}.Release|Any CPU.Build.0 = Release|Any CPU
		{5EE72C53-1720-4309-B54B-5FB79703195F}.Debug|Any CPU.ActiveCfg = Debug|Any CPU
		{5EE72C53-1720-4309-B54B-5FB79703195F}.Debug|Any CPU.Build.0 = Debug|Any CPU
		{5EE72C53-1720-4309-B54B-5FB79703195F}.Release|Any CPU.ActiveCfg = Release|Any CPU
		{5EE72C53-1720-4309-B54B-5FB79703195F}.Release|Any CPU.Build.0 = Release|Any CPU
		{4900EC4E-8DEB-4412-9108-0BC52F81D457}.Debug|Any CPU.ActiveCfg = Debug|Any CPU
		{4900EC4E-8DEB-4412-9108-0BC52F81D457}.Debug|Any CPU.Build.0 = Debug|Any CPU
		{4900EC4E-8DEB-4412-9108-0BC52F81D457}.Release|Any CPU.ActiveCfg = Release|Any CPU
		{4900EC4E-8DEB-4412-9108-0BC52F81D457}.Release|Any CPU.Build.0 = Release|Any CPU
		{C1BDA476-A5CC-4394-914D-48B0EC31A710}.Debug|Any CPU.ActiveCfg = Debug|Any CPU
		{C1BDA476-A5CC-4394-914D-48B0EC31A710}.Debug|Any CPU.Build.0 = Debug|Any CPU
		{C1BDA476-A5CC-4394-914D-48B0EC31A710}.Release|Any CPU.ActiveCfg = Release|Any CPU
		{C1BDA476-A5CC-4394-914D-48B0EC31A710}.Release|Any CPU.Build.0 = Release|Any CPU
	EndGlobalSection
	GlobalSection(SolutionProperties) = preSolution
		HideSolutionNode = FALSE
	EndGlobalSection
EndGlobal
